
Microsoft Visual Studio Solution File, Format Version 12.00
# Visual Studio Version 17
VisualStudioVersion = 17.14.36221.1
MinimumVisualStudioVersion = 10.0.40219.1
Project("{FAE04EC0-301F-11D3-BF4B-00C04F79EFBC}") = "StoreAnalysis", "StoreAnalysis\StoreAnalysis.csproj", "{DF7C67B1-01A2-45F3-9AD5-FC12FD2F1363}"
EndProject
Global
	GlobalSection(SolutionConfigurationPlatforms) = preSolution
		Debug|Any CPU = Debug|Any CPU
		Release|Any CPU = Release|Any CPU
	EndGlobalSection
	GlobalSection(ProjectConfigurationPlatforms) = postSolution
		{DF7C67B1-01A2-45F3-9AD5-FC12FD2F1363}.Debug|Any CPU.ActiveCfg = Debug|Any CPU
		{DF7C67B1-01A2-45F3-9AD5-FC12FD2F1363}.Debug|Any CPU.Build.0 = Debug|Any CPU
		{DF7C67B1-01A2-45F3-9AD5-FC12FD2F1363}.Release|Any CPU.ActiveCfg = Release|Any CPU
		{DF7C67B1-01A2-45F3-9AD5-FC12FD2F1363}.Release|Any CPU.Build.0 = Release|Any CPU
	EndGlobalSection
	GlobalSection(SolutionProperties) = preSolution
		HideSolutionNode = FALSE
	EndGlobalSection
	GlobalSection(ExtensibilityGlobals) = postSolution
		SolutionGuid = {E73D6E8B-F331-4E5B-8CEF-2F88A6415C04}
	EndGlobalSection
EndGlobal
